
Microsoft Visual Studio Solution File, Format Version 12.00
# Visual Studio Version 17
VisualStudioVersion = 17.1.32210.238
MinimumVisualStudioVersion = 10.0.40219.1
Project("{FAE04EC0-301F-11D3-BF4B-00C04F79EFBC}") = "TakeAndHoldTweaker", "TakeAndHoldTweaker.csproj", "{13103263-BAB2-4450-AE68-23C78EB493B2}"
EndProject
Project("{FAE04EC0-301F-11D3-BF4B-00C04F79EFBC}") = "LegacyCharacterLoader", "Legacy\LegacyCharacterLoader\LegacyCharacterLoader.csproj", "{72C9016D-0625-47D3-9F89-19D16ABB7355}"
EndProject
Project("{2150E333-8FDC-42A3-9474-1A3956D46DE8}") = "Solution Items", "Solution Items", "{82A1E31C-8A79-4A3C-82BF-EBD437A59502}"
	ProjectSection(SolutionItems) = preProject
		.editorconfig = .editorconfig
	EndProjectSection
EndProject
Global
	GlobalSection(SolutionConfigurationPlatforms) = preSolution
		Debug|Any CPU = Debug|Any CPU
		Release|Any CPU = Release|Any CPU
	EndGlobalSection
	GlobalSection(ProjectConfigurationPlatforms) = postSolution
		{13103263-BAB2-4450-AE68-23C78EB493B2}.Debug|Any CPU.ActiveCfg = Debug|Any CPU
		{13103263-BAB2-4450-AE68-23C78EB493B2}.Debug|Any CPU.Build.0 = Debug|Any CPU
		{13103263-BAB2-4450-AE68-23C78EB493B2}.Release|Any CPU.ActiveCfg = Release|Any CPU
		{13103263-BAB2-4450-AE68-23C78EB493B2}.Release|Any CPU.Build.0 = Release|Any CPU
		{72C9016D-0625-47D3-9F89-19D16ABB7355}.Debug|Any CPU.ActiveCfg = Debug|Any CPU
		{72C9016D-0625-47D3-9F89-19D16ABB7355}.Debug|Any CPU.Build.0 = Debug|Any CPU
		{72C9016D-0625-47D3-9F89-19D16ABB7355}.Release|Any CPU.ActiveCfg = Release|Any CPU
		{72C9016D-0625-47D3-9F89-19D16ABB7355}.Release|Any CPU.Build.0 = Release|Any CPU
	EndGlobalSection
	GlobalSection(SolutionProperties) = preSolution
		HideSolutionNode = FALSE
	EndGlobalSection
	GlobalSection(ExtensibilityGlobals) = postSolution
		SolutionGuid = {A9F0C9C9-75A4-46A4-9ECD-13F19EABAED8}
	EndGlobalSection
EndGlobal
